
Microsoft Visual Studio Solution File, Format Version 12.00
# Visual Studio 15
VisualStudioVersion = 15.0.26730.16
MinimumVisualStudioVersion = 10.0.40219.1
Project("{FAE04EC0-301F-11D3-BF4B-00C04F79EFBC}") = "Api", "Web\Api.csproj", "{6A557CEE-0AE0-4CF3-A93B-5373E4794563}"
EndProject
Project("{FAE04EC0-301F-11D3-BF4B-00C04F79EFBC}") = "Mobile.Android", "Mobile\Mobile.Android\Mobile.Android.csproj", "{21410A8F-3C3A-4A97-AE2A-1A62F579F177}"
EndProject
Project("{FAE04EC0-301F-11D3-BF4B-00C04F79EFBC}") = "Mobile", "Mobile\Mobile\Mobile.csproj", "{4B604701-7ED0-4E73-B7D3-68FFEBEEA82B}"
EndProject
Project("{FAE04EC0-301F-11D3-BF4B-00C04F79EFBC}") = "Mobile.UWP", "Mobile\Mobile.UWP\Mobile.UWP.csproj", "{047800E0-A03B-4669-A92D-059619F3BE30}"
EndProject
Project("{FAE04EC0-301F-11D3-BF4B-00C04F79EFBC}") = "Mobile.iOS", "Mobile\Mobile.iOS\Mobile.iOS.csproj", "{BBD04332-2678-40DA-9117-EE04A6429819}"
EndProject
Project("{FAE04EC0-301F-11D3-BF4B-00C04F79EFBC}") = "Shared_1", "Shared_1\Shared_1.csproj", "{179BD5CC-0E32-4203-8418-774765AD6F3B}"
EndProject
Project("{FAE04EC0-301F-11D3-BF4B-00C04F79EFBC}") = "Shared_2", "Shared_2\Shared_2.csproj", "{969F9670-BA58-45B4-A7ED-FA70F1606D1B}"
EndProject
Project("{FAE04EC0-301F-11D3-BF4B-00C04F79EFBC}") = "Shared_3", "Shared_3\Shared_3.csproj", "{0B49080D-1CE6-49D0-80A6-AC2392F5B331}"
EndProject
Global
	GlobalSection(SolutionConfigurationPlatforms) = preSolution
		Ad-Hoc|Any CPU = Ad-Hoc|Any CPU
		Ad-Hoc|ARM = Ad-Hoc|ARM
		Ad-Hoc|iPhone = Ad-Hoc|iPhone
		Ad-Hoc|iPhoneSimulator = Ad-Hoc|iPhoneSimulator
		Ad-Hoc|x64 = Ad-Hoc|x64
		Ad-Hoc|x86 = Ad-Hoc|x86
		AppStore|Any CPU = AppStore|Any CPU
		AppStore|ARM = AppStore|ARM
		AppStore|iPhone = AppStore|iPhone
		AppStore|iPhoneSimulator = AppStore|iPhoneSimulator
		AppStore|x64 = AppStore|x64
		AppStore|x86 = AppStore|x86
		Debug|Any CPU = Debug|Any CPU
		Debug|ARM = Debug|ARM
		Debug|iPhone = Debug|iPhone
		Debug|iPhoneSimulator = Debug|iPhoneSimulator
		Debug|x64 = Debug|x64
		Debug|x86 = Debug|x86
		Release|Any CPU = Release|Any CPU
		Release|ARM = Release|ARM
		Release|iPhone = Release|iPhone
		Release|iPhoneSimulator = Release|iPhoneSimulator
		Release|x64 = Release|x64
		Release|x86 = Release|x86
	EndGlobalSection
	GlobalSection(ProjectConfigurationPlatforms) = postSolution
		{6A557CEE-0AE0-4CF3-A93B-5373E4794563}.Ad-Hoc|Any CPU.ActiveCfg = Release|Any CPU
		{6A557CEE-0AE0-4CF3-A93B-5373E4794563}.Ad-Hoc|Any CPU.Build.0 = Release|Any CPU
		{6A557CEE-0AE0-4CF3-A93B-5373E4794563}.Ad-Hoc|ARM.ActiveCfg = Release|Any CPU
		{6A557CEE-0AE0-4CF3-A93B-5373E4794563}.Ad-Hoc|ARM.Build.0 = Release|Any CPU
		{6A557CEE-0AE0-4CF3-A93B-5373E4794563}.Ad-Hoc|iPhone.ActiveCfg = Release|Any CPU
		{6A557CEE-0AE0-4CF3-A93B-5373E4794563}.Ad-Hoc|iPhone.Build.0 = Release|Any CPU
		{6A557CEE-0AE0-4CF3-A93B-5373E4794563}.Ad-Hoc|iPhoneSimulator.ActiveCfg = Release|Any CPU
		{6A557CEE-0AE0-4CF3-A93B-5373E4794563}.Ad-Hoc|iPhoneSimulator.Build.0 = Release|Any CPU
		{6A557CEE-0AE0-4CF3-A93B-5373E4794563}.Ad-Hoc|x64.ActiveCfg = Release|Any CPU
		{6A557CEE-0AE0-4CF3-A93B-5373E4794563}.Ad-Hoc|x64.Build.0 = Release|Any CPU
		{6A557CEE-0AE0-4CF3-A93B-5373E4794563}.Ad-Hoc|x86.ActiveCfg = Release|Any CPU
		{6A557CEE-0AE0-4CF3-A93B-5373E4794563}.Ad-Hoc|x86.Build.0 = Release|Any CPU
		{6A557CEE-0AE0-4CF3-A93B-5373E4794563}.AppStore|Any CPU.ActiveCfg = Release|Any CPU
		{6A557CEE-0AE0-4CF3-A93B-5373E4794563}.AppStore|Any CPU.Build.0 = Release|Any CPU
		{6A557CEE-0AE0-4CF3-A93B-5373E4794563}.AppStore|ARM.ActiveCfg = Release|Any CPU
		{6A557CEE-0AE0-4CF3-A93B-5373E4794563}.AppStore|ARM.Build.0 = Release|Any CPU
		{6A557CEE-0AE0-4CF3-A93B-5373E4794563}.AppStore|iPhone.ActiveCfg = Release|Any CPU
		{6A557CEE-0AE0-4CF3-A93B-5373E4794563}.AppStore|iPhone.Build.0 = Release|Any CPU
		{6A557CEE-0AE0-4CF3-A93B-5373E4794563}.AppStore|iPhoneSimulator.ActiveCfg = Release|Any CPU
		{6A557CEE-0AE0-4CF3-A93B-5373E4794563}.AppStore|iPhoneSimulator.Build.0 = Release|Any CPU
		{6A557CEE-0AE0-4CF3-A93B-5373E4794563}.AppStore|x64.ActiveCfg = Release|Any CPU
		{6A557CEE-0AE0-4CF3-A93B-5373E4794563}.AppStore|x64.Build.0 = Release|Any CPU
		{6A557CEE-0AE0-4CF3-A93B-5373E4794563}.AppStore|x86.ActiveCfg = Release|Any CPU
		{6A557CEE-0AE0-4CF3-A93B-5373E4794563}.AppStore|x86.Build.0 = Release|Any CPU
		{6A557CEE-0AE0-4CF3-A93B-5373E4794563}.Debug|Any CPU.ActiveCfg = Debug|Any CPU
		{6A557CEE-0AE0-4CF3-A93B-5373E4794563}.Debug|Any CPU.Build.0 = Debug|Any CPU
		{6A557CEE-0AE0-4CF3-A93B-5373E4794563}.Debug|ARM.ActiveCfg = Debug|Any CPU
		{6A557CEE-0AE0-4CF3-A93B-5373E4794563}.Debug|ARM.Build.0 = Debug|Any CPU
		{6A557CEE-0AE0-4CF3-A93B-5373E4794563}.Debug|iPhone.ActiveCfg = Debug|Any CPU
		{6A557CEE-0AE0-4CF3-A93B-5373E4794563}.Debug|iPhone.Build.0 = Debug|Any CPU
		{6A557CEE-0AE0-4CF3-A93B-5373E4794563}.Debug|iPhoneSimulator.ActiveCfg = Debug|Any CPU
		{6A557CEE-0AE0-4CF3-A93B-5373E4794563}.Debug|iPhoneSimulator.Build.0 = Debug|Any CPU
		{6A557CEE-0AE0-4CF3-A93B-5373E4794563}.Debug|x64.ActiveCfg = Debug|Any CPU
		{6A557CEE-0AE0-4CF3-A93B-5373E4794563}.Debug|x64.Build.0 = Debug|Any CPU
		{6A557CEE-0AE0-4CF3-A93B-5373E4794563}.Debug|x86.ActiveCfg = Debug|Any CPU
		{6A557CEE-0AE0-4CF3-A93B-5373E4794563}.Debug|x86.Build.0 = Debug|Any CPU
		{6A557CEE-0AE0-4CF3-A93B-5373E4794563}.Release|Any CPU.ActiveCfg = Release|Any CPU
		{6A557CEE-0AE0-4CF3-A93B-5373E4794563}.Release|Any CPU.Build.0 = Release|Any CPU
		{6A557CEE-0AE0-4CF3-A93B-5373E4794563}.Release|ARM.ActiveCfg = Release|Any CPU
		{6A557CEE-0AE0-4CF3-A93B-5373E4794563}.Release|ARM.Build.0 = Release|Any CPU
		{6A557CEE-0AE0-4CF3-A93B-5373E4794563}.Release|iPhone.ActiveCfg = Release|Any CPU
		{6A557CEE-0AE0-4CF3-A93B-5373E4794563}.Release|iPhone.Build.0 = Release|Any CPU
		{6A557CEE-0AE0-4CF3-A93B-5373E4794563}.Release|iPhoneSimulator.ActiveCfg = Release|Any CPU
		{6A557CEE-0AE0-4CF3-A93B-5373E4794563}.Release|iPhoneSimulator.Build.0 = Release|Any CPU
		{6A557CEE-0AE0-4CF3-A93B-5373E4794563}.Release|x64.ActiveCfg = Release|Any CPU
		{6A557CEE-0AE0-4CF3-A93B-5373E4794563}.Release|x64.Build.0 = Release|Any CPU
		{6A557CEE-0AE0-4CF3-A93B-5373E4794563}.Release|x86.ActiveCfg = Release|Any CPU
		{6A557CEE-0AE0-4CF3-A93B-5373E4794563}.Release|x86.Build.0 = Release|Any CPU
		{21410A8F-3C3A-4A97-AE2A-1A62F579F177}.Ad-Hoc|Any CPU.ActiveCfg = Release|Any CPU
		{21410A8F-3C3A-4A97-AE2A-1A62F579F177}.Ad-Hoc|Any CPU.Build.0 = Release|Any CPU
		{21410A8F-3C3A-4A97-AE2A-1A62F579F177}.Ad-Hoc|Any CPU.Deploy.0 = Release|Any CPU
		{21410A8F-3C3A-4A97-AE2A-1A62F579F177}.Ad-Hoc|ARM.ActiveCfg = Release|Any CPU
		{21410A8F-3C3A-4A97-AE2A-1A62F579F177}.Ad-Hoc|ARM.Build.0 = Release|Any CPU
		{21410A8F-3C3A-4A97-AE2A-1A62F579F177}.Ad-Hoc|ARM.Deploy.0 = Release|Any CPU
		{21410A8F-3C3A-4A97-AE2A-1A62F579F177}.Ad-Hoc|iPhone.ActiveCfg = Release|Any CPU
		{21410A8F-3C3A-4A97-AE2A-1A62F579F177}.Ad-Hoc|iPhone.Build.0 = Release|Any CPU
		{21410A8F-3C3A-4A97-AE2A-1A62F579F177}.Ad-Hoc|iPhone.Deploy.0 = Release|Any CPU
		{21410A8F-3C3A-4A97-AE2A-1A62F579F177}.Ad-Hoc|iPhoneSimulator.ActiveCfg = Release|Any CPU
		{21410A8F-3C3A-4A97-AE2A-1A62F579F177}.Ad-Hoc|iPhoneSimulator.Build.0 = Release|Any CPU
		{21410A8F-3C3A-4A97-AE2A-1A62F579F177}.Ad-Hoc|iPhoneSimulator.Deploy.0 = Release|Any CPU
		{21410A8F-3C3A-4A97-AE2A-1A62F579F177}.Ad-Hoc|x64.ActiveCfg = Release|Any CPU
		{21410A8F-3C3A-4A97-AE2A-1A62F579F177}.Ad-Hoc|x64.Build.0 = Release|Any CPU
		{21410A8F-3C3A-4A97-AE2A-1A62F579F177}.Ad-Hoc|x64.Deploy.0 = Release|Any CPU
		{21410A8F-3C3A-4A97-AE2A-1A62F579F177}.Ad-Hoc|x86.ActiveCfg = Release|Any CPU
		{21410A8F-3C3A-4A97-AE2A-1A62F579F177}.Ad-Hoc|x86.Build.0 = Release|Any CPU
		{21410A8F-3C3A-4A97-AE2A-1A62F579F177}.Ad-Hoc|x86.Deploy.0 = Release|Any CPU
		{21410A8F-3C3A-4A97-AE2A-1A62F579F177}.AppStore|Any CPU.ActiveCfg = Release|Any CPU
		{21410A8F-3C3A-4A97-AE2A-1A62F579F177}.AppStore|Any CPU.Build.0 = Release|Any CPU
		{21410A8F-3C3A-4A97-AE2A-1A62F579F177}.AppStore|Any CPU.Deploy.0 = Release|Any CPU
		{21410A8F-3C3A-4A97-AE2A-1A62F579F177}.AppStore|ARM.ActiveCfg = Release|Any CPU
		{21410A8F-3C3A-4A97-AE2A-1A62F579F177}.AppStore|ARM.Build.0 = Release|Any CPU
		{21410A8F-3C3A-4A97-AE2A-1A62F579F177}.AppStore|ARM.Deploy.0 = Release|Any CPU
		{21410A8F-3C3A-4A97-AE2A-1A62F579F177}.AppStore|iPhone.ActiveCfg = Release|Any CPU
		{21410A8F-3C3A-4A97-AE2A-1A62F579F177}.AppStore|iPhone.Build.0 = Release|Any CPU
		{21410A8F-3C3A-4A97-AE2A-1A62F579F177}.AppStore|iPhone.Deploy.0 = Release|Any CPU
		{21410A8F-3C3A-4A97-AE2A-1A62F579F177}.AppStore|iPhoneSimulator.ActiveCfg = Release|Any CPU
		{21410A8F-3C3A-4A97-AE2A-1A62F579F177}.AppStore|iPhoneSimulator.Build.0 = Release|Any CPU
		{21410A8F-3C3A-4A97-AE2A-1A62F579F177}.AppStore|iPhoneSimulator.Deploy.0 = Release|Any CPU
		{21410A8F-3C3A-4A97-AE2A-1A62F579F177}.AppStore|x64.ActiveCfg = Release|Any CPU
		{21410A8F-3C3A-4A97-AE2A-1A62F579F177}.AppStore|x64.Build.0 = Release|Any CPU
		{21410A8F-3C3A-4A97-AE2A-1A62F579F177}.AppStore|x64.Deploy.0 = Release|Any CPU
		{21410A8F-3C3A-4A97-AE2A-1A62F579F177}.AppStore|x86.ActiveCfg = Release|Any CPU
		{21410A8F-3C3A-4A97-AE2A-1A62F579F177}.AppStore|x86.Build.0 = Release|Any CPU
		{21410A8F-3C3A-4A97-AE2A-1A62F579F177}.AppStore|x86.Deploy.0 = Release|Any CPU
		{21410A8F-3C3A-4A97-AE2A-1A62F579F177}.Debug|Any CPU.ActiveCfg = Debug|Any CPU
		{21410A8F-3C3A-4A97-AE2A-1A62F579F177}.Debug|Any CPU.Build.0 = Debug|Any CPU
		{21410A8F-3C3A-4A97-AE2A-1A62F579F177}.Debug|Any CPU.Deploy.0 = Debug|Any CPU
		{21410A8F-3C3A-4A97-AE2A-1A62F579F177}.Debug|ARM.ActiveCfg = Debug|Any CPU
		{21410A8F-3C3A-4A97-AE2A-1A62F579F177}.Debug|ARM.Build.0 = Debug|Any CPU
		{21410A8F-3C3A-4A97-AE2A-1A62F579F177}.Debug|ARM.Deploy.0 = Debug|Any CPU
		{21410A8F-3C3A-4A97-AE2A-1A62F579F177}.Debug|iPhone.ActiveCfg = Debug|Any CPU
		{21410A8F-3C3A-4A97-AE2A-1A62F579F177}.Debug|iPhone.Build.0 = Debug|Any CPU
		{21410A8F-3C3A-4A97-AE2A-1A62F579F177}.Debug|iPhone.Deploy.0 = Debug|Any CPU
		{21410A8F-3C3A-4A97-AE2A-1A62F579F177}.Debug|iPhoneSimulator.ActiveCfg = Debug|Any CPU
		{21410A8F-3C3A-4A97-AE2A-1A62F579F177}.Debug|iPhoneSimulator.Build.0 = Debug|Any CPU
		{21410A8F-3C3A-4A97-AE2A-1A62F579F177}.Debug|iPhoneSimulator.Deploy.0 = Debug|Any CPU
		{21410A8F-3C3A-4A97-AE2A-1A62F579F177}.Debug|x64.ActiveCfg = Debug|Any CPU
		{21410A8F-3C3A-4A97-AE2A-1A62F579F177}.Debug|x64.Build.0 = Debug|Any CPU
		{21410A8F-3C3A-4A97-AE2A-1A62F579F177}.Debug|x64.Deploy.0 = Debug|Any CPU
		{21410A8F-3C3A-4A97-AE2A-1A62F579F177}.Debug|x86.ActiveCfg = Debug|Any CPU
		{21410A8F-3C3A-4A97-AE2A-1A62F579F177}.Debug|x86.Build.0 = Debug|Any CPU
		{21410A8F-3C3A-4A97-AE2A-1A62F579F177}.Debug|x86.Deploy.0 = Debug|Any CPU
		{21410A8F-3C3A-4A97-AE2A-1A62F579F177}.Release|Any CPU.ActiveCfg = Release|Any CPU
		{21410A8F-3C3A-4A97-AE2A-1A62F579F177}.Release|Any CPU.Build.0 = Release|Any CPU
		{21410A8F-3C3A-4A97-AE2A-1A62F579F177}.Release|Any CPU.Deploy.0 = Release|Any CPU
		{21410A8F-3C3A-4A97-AE2A-1A62F579F177}.Release|ARM.ActiveCfg = Release|Any CPU
		{21410A8F-3C3A-4A97-AE2A-1A62F579F177}.Release|ARM.Build.0 = Release|Any CPU
		{21410A8F-3C3A-4A97-AE2A-1A62F579F177}.Release|ARM.Deploy.0 = Release|Any CPU
		{21410A8F-3C3A-4A97-AE2A-1A62F579F177}.Release|iPhone.ActiveCfg = Release|Any CPU
		{21410A8F-3C3A-4A97-AE2A-1A62F579F177}.Release|iPhone.Build.0 = Release|Any CPU
		{21410A8F-3C3A-4A97-AE2A-1A62F579F177}.Release|iPhone.Deploy.0 = Release|Any CPU
		{21410A8F-3C3A-4A97-AE2A-1A62F579F177}.Release|iPhoneSimulator.ActiveCfg = Release|Any CPU
		{21410A8F-3C3A-4A97-AE2A-1A62F579F177}.Release|iPhoneSimulator.Build.0 = Release|Any CPU
		{21410A8F-3C3A-4A97-AE2A-1A62F579F177}.Release|iPhoneSimulator.Deploy.0 = Release|Any CPU
		{21410A8F-3C3A-4A97-AE2A-1A62F579F177}.Release|x64.ActiveCfg = Release|Any CPU
		{21410A8F-3C3A-4A97-AE2A-1A62F579F177}.Release|x64.Build.0 = Release|Any CPU
		{21410A8F-3C3A-4A97-AE2A-1A62F579F177}.Release|x64.Deploy.0 = Release|Any CPU
		{21410A8F-3C3A-4A97-AE2A-1A62F579F177}.Release|x86.ActiveCfg = Release|Any CPU
		{21410A8F-3C3A-4A97-AE2A-1A62F579F177}.Release|x86.Build.0 = Release|Any CPU
		{21410A8F-3C3A-4A97-AE2A-1A62F579F177}.Release|x86.Deploy.0 = Release|Any CPU
		{4B604701-7ED0-4E73-B7D3-68FFEBEEA82B}.Ad-Hoc|Any CPU.ActiveCfg = Release|Any CPU
		{4B604701-7ED0-4E73-B7D3-68FFEBEEA82B}.Ad-Hoc|Any CPU.Build.0 = Release|Any CPU
		{4B604701-7ED0-4E73-B7D3-68FFEBEEA82B}.Ad-Hoc|ARM.ActiveCfg = Release|Any CPU
		{4B604701-7ED0-4E73-B7D3-68FFEBEEA82B}.Ad-Hoc|ARM.Build.0 = Release|Any CPU
		{4B604701-7ED0-4E73-B7D3-68FFEBEEA82B}.Ad-Hoc|iPhone.ActiveCfg = Release|Any CPU
		{4B604701-7ED0-4E73-B7D3-68FFEBEEA82B}.Ad-Hoc|iPhone.Build.0 = Release|Any CPU
		{4B604701-7ED0-4E73-B7D3-68FFEBEEA82B}.Ad-Hoc|iPhoneSimulator.ActiveCfg = Release|Any CPU
		{4B604701-7ED0-4E73-B7D3-68FFEBEEA82B}.Ad-Hoc|iPhoneSimulator.Build.0 = Release|Any CPU
		{4B604701-7ED0-4E73-B7D3-68FFEBEEA82B}.Ad-Hoc|x64.ActiveCfg = Release|Any CPU
		{4B604701-7ED0-4E73-B7D3-68FFEBEEA82B}.Ad-Hoc|x64.Build.0 = Release|Any CPU
		{4B604701-7ED0-4E73-B7D3-68FFEBEEA82B}.Ad-Hoc|x86.ActiveCfg = Release|Any CPU
		{4B604701-7ED0-4E73-B7D3-68FFEBEEA82B}.Ad-Hoc|x86.Build.0 = Release|Any CPU
		{4B604701-7ED0-4E73-B7D3-68FFEBEEA82B}.AppStore|Any CPU.ActiveCfg = Release|Any CPU
		{4B604701-7ED0-4E73-B7D3-68FFEBEEA82B}.AppStore|Any CPU.Build.0 = Release|Any CPU
		{4B604701-7ED0-4E73-B7D3-68FFEBEEA82B}.AppStore|ARM.ActiveCfg = Release|Any CPU
		{4B604701-7ED0-4E73-B7D3-68FFEBEEA82B}.AppStore|ARM.Build.0 = Release|Any CPU
		{4B604701-7ED0-4E73-B7D3-68FFEBEEA82B}.AppStore|iPhone.ActiveCfg = Release|Any CPU
		{4B604701-7ED0-4E73-B7D3-68FFEBEEA82B}.AppStore|iPhone.Build.0 = Release|Any CPU
		{4B604701-7ED0-4E73-B7D3-68FFEBEEA82B}.AppStore|iPhoneSimulator.ActiveCfg = Release|Any CPU
		{4B604701-7ED0-4E73-B7D3-68FFEBEEA82B}.AppStore|iPhoneSimulator.Build.0 = Release|Any CPU
		{4B604701-7ED0-4E73-B7D3-68FFEBEEA82B}.AppStore|x64.ActiveCfg = Release|Any CPU
		{4B604701-7ED0-4E73-B7D3-68FFEBEEA82B}.AppStore|x64.Build.0 = Release|Any CPU
		{4B604701-7ED0-4E73-B7D3-68FFEBEEA82B}.AppStore|x86.ActiveCfg = Release|Any CPU
		{4B604701-7ED0-4E73-B7D3-68FFEBEEA82B}.AppStore|x86.Build.0 = Release|Any CPU
		{4B604701-7ED0-4E73-B7D3-68FFEBEEA82B}.Debug|Any CPU.ActiveCfg = Debug|Any CPU
		{4B604701-7ED0-4E73-B7D3-68FFEBEEA82B}.Debug|Any CPU.Build.0 = Debug|Any CPU
		{4B604701-7ED0-4E73-B7D3-68FFEBEEA82B}.Debug|ARM.ActiveCfg = Debug|Any CPU
		{4B604701-7ED0-4E73-B7D3-68FFEBEEA82B}.Debug|ARM.Build.0 = Debug|Any CPU
		{4B604701-7ED0-4E73-B7D3-68FFEBEEA82B}.Debug|iPhone.ActiveCfg = Debug|Any CPU
		{4B604701-7ED0-4E73-B7D3-68FFEBEEA82B}.Debug|iPhone.Build.0 = Debug|Any CPU
		{4B604701-7ED0-4E73-B7D3-68FFEBEEA82B}.Debug|iPhoneSimulator.ActiveCfg = Debug|Any CPU
		{4B604701-7ED0-4E73-B7D3-68FFEBEEA82B}.Debug|iPhoneSimulator.Build.0 = Debug|Any CPU
		{4B604701-7ED0-4E73-B7D3-68FFEBEEA82B}.Debug|x64.ActiveCfg = Debug|Any CPU
		{4B604701-7ED0-4E73-B7D3-68FFEBEEA82B}.Debug|x64.Build.0 = Debug|Any CPU
		{4B604701-7ED0-4E73-B7D3-68FFEBEEA82B}.Debug|x86.ActiveCfg = Debug|Any CPU
		{4B604701-7ED0-4E73-B7D3-68FFEBEEA82B}.Debug|x86.Build.0 = Debug|Any CPU
		{4B604701-7ED0-4E73-B7D3-68FFEBEEA82B}.Release|Any CPU.ActiveCfg = Release|Any CPU
		{4B604701-7ED0-4E73-B7D3-68FFEBEEA82B}.Release|Any CPU.Build.0 = Release|Any CPU
		{4B604701-7ED0-4E73-B7D3-68FFEBEEA82B}.Release|ARM.ActiveCfg = Release|Any CPU
		{4B604701-7ED0-4E73-B7D3-68FFEBEEA82B}.Release|ARM.Build.0 = Release|Any CPU
		{4B604701-7ED0-4E73-B7D3-68FFEBEEA82B}.Release|iPhone.ActiveCfg = Release|Any CPU
		{4B604701-7ED0-4E73-B7D3-68FFEBEEA82B}.Release|iPhone.Build.0 = Release|Any CPU
		{4B604701-7ED0-4E73-B7D3-68FFEBEEA82B}.Release|iPhoneSimulator.ActiveCfg = Release|Any CPU
		{4B604701-7ED0-4E73-B7D3-68FFEBEEA82B}.Release|iPhoneSimulator.Build.0 = Release|Any CPU
		{4B604701-7ED0-4E73-B7D3-68FFEBEEA82B}.Release|x64.ActiveCfg = Release|Any CPU
		{4B604701-7ED0-4E73-B7D3-68FFEBEEA82B}.Release|x64.Build.0 = Release|Any CPU
		{4B604701-7ED0-4E73-B7D3-68FFEBEEA82B}.Release|x86.ActiveCfg = Release|Any CPU
		{4B604701-7ED0-4E73-B7D3-68FFEBEEA82B}.Release|x86.Build.0 = Release|Any CPU
		{047800E0-A03B-4669-A92D-059619F3BE30}.Ad-Hoc|Any CPU.ActiveCfg = Release|x86
		{047800E0-A03B-4669-A92D-059619F3BE30}.Ad-Hoc|Any CPU.Build.0 = Release|x86
		{047800E0-A03B-4669-A92D-059619F3BE30}.Ad-Hoc|Any CPU.Deploy.0 = Release|x86
		{047800E0-A03B-4669-A92D-059619F3BE30}.Ad-Hoc|ARM.ActiveCfg = Release|ARM
		{047800E0-A03B-4669-A92D-059619F3BE30}.Ad-Hoc|ARM.Build.0 = Release|ARM
		{047800E0-A03B-4669-A92D-059619F3BE30}.Ad-Hoc|ARM.Deploy.0 = Release|ARM
		{047800E0-A03B-4669-A92D-059619F3BE30}.Ad-Hoc|iPhone.ActiveCfg = Release|x86
		{047800E0-A03B-4669-A92D-059619F3BE30}.Ad-Hoc|iPhone.Build.0 = Release|x86
		{047800E0-A03B-4669-A92D-059619F3BE30}.Ad-Hoc|iPhone.Deploy.0 = Release|x86
		{047800E0-A03B-4669-A92D-059619F3BE30}.Ad-Hoc|iPhoneSimulator.ActiveCfg = Release|x86
		{047800E0-A03B-4669-A92D-059619F3BE30}.Ad-Hoc|iPhoneSimulator.Build.0 = Release|x86
		{047800E0-A03B-4669-A92D-059619F3BE30}.Ad-Hoc|iPhoneSimulator.Deploy.0 = Release|x86
		{047800E0-A03B-4669-A92D-059619F3BE30}.Ad-Hoc|x64.ActiveCfg = Release|x64
		{047800E0-A03B-4669-A92D-059619F3BE30}.Ad-Hoc|x64.Build.0 = Release|x64
		{047800E0-A03B-4669-A92D-059619F3BE30}.Ad-Hoc|x64.Deploy.0 = Release|x64
		{047800E0-A03B-4669-A92D-059619F3BE30}.Ad-Hoc|x86.ActiveCfg = Release|x86
		{047800E0-A03B-4669-A92D-059619F3BE30}.Ad-Hoc|x86.Build.0 = Release|x86
		{047800E0-A03B-4669-A92D-059619F3BE30}.Ad-Hoc|x86.Deploy.0 = Release|x86
		{047800E0-A03B-4669-A92D-059619F3BE30}.AppStore|Any CPU.ActiveCfg = Release|x86
		{047800E0-A03B-4669-A92D-059619F3BE30}.AppStore|Any CPU.Build.0 = Release|x86
		{047800E0-A03B-4669-A92D-059619F3BE30}.AppStore|Any CPU.Deploy.0 = Release|x86
		{047800E0-A03B-4669-A92D-059619F3BE30}.AppStore|ARM.ActiveCfg = Release|ARM
		{047800E0-A03B-4669-A92D-059619F3BE30}.AppStore|ARM.Build.0 = Release|ARM
		{047800E0-A03B-4669-A92D-059619F3BE30}.AppStore|ARM.Deploy.0 = Release|ARM
		{047800E0-A03B-4669-A92D-059619F3BE30}.AppStore|iPhone.ActiveCfg = Release|x86
		{047800E0-A03B-4669-A92D-059619F3BE30}.AppStore|iPhone.Build.0 = Release|x86
		{047800E0-A03B-4669-A92D-059619F3BE30}.AppStore|iPhone.Deploy.0 = Release|x86
		{047800E0-A03B-4669-A92D-059619F3BE30}.AppStore|iPhoneSimulator.ActiveCfg = Release|x86
		{047800E0-A03B-4669-A92D-059619F3BE30}.AppStore|iPhoneSimulator.Build.0 = Release|x86
		{047800E0-A03B-4669-A92D-059619F3BE30}.AppStore|iPhoneSimulator.Deploy.0 = Release|x86
		{047800E0-A03B-4669-A92D-059619F3BE30}.AppStore|x64.ActiveCfg = Release|x64
		{047800E0-A03B-4669-A92D-059619F3BE30}.AppStore|x64.Build.0 = Release|x64
		{047800E0-A03B-4669-A92D-059619F3BE30}.AppStore|x64.Deploy.0 = Release|x64
		{047800E0-A03B-4669-A92D-059619F3BE30}.AppStore|x86.ActiveCfg = Release|x86
		{047800E0-A03B-4669-A92D-059619F3BE30}.AppStore|x86.Build.0 = Release|x86
		{047800E0-A03B-4669-A92D-059619F3BE30}.AppStore|x86.Deploy.0 = Release|x86
		{047800E0-A03B-4669-A92D-059619F3BE30}.Debug|Any CPU.ActiveCfg = Debug|x86
		{047800E0-A03B-4669-A92D-059619F3BE30}.Debug|ARM.ActiveCfg = Debug|ARM
		{047800E0-A03B-4669-A92D-059619F3BE30}.Debug|ARM.Build.0 = Debug|ARM
		{047800E0-A03B-4669-A92D-059619F3BE30}.Debug|ARM.Deploy.0 = Debug|ARM
		{047800E0-A03B-4669-A92D-059619F3BE30}.Debug|iPhone.ActiveCfg = Debug|x86
		{047800E0-A03B-4669-A92D-059619F3BE30}.Debug|iPhoneSimulator.ActiveCfg = Debug|x86
		{047800E0-A03B-4669-A92D-059619F3BE30}.Debug|x64.ActiveCfg = Debug|x64
		{047800E0-A03B-4669-A92D-059619F3BE30}.Debug|x64.Build.0 = Debug|x64
		{047800E0-A03B-4669-A92D-059619F3BE30}.Debug|x64.Deploy.0 = Debug|x64
		{047800E0-A03B-4669-A92D-059619F3BE30}.Debug|x86.ActiveCfg = Debug|x86
		{047800E0-A03B-4669-A92D-059619F3BE30}.Debug|x86.Build.0 = Debug|x86
		{047800E0-A03B-4669-A92D-059619F3BE30}.Debug|x86.Deploy.0 = Debug|x86
		{047800E0-A03B-4669-A92D-059619F3BE30}.Release|Any CPU.ActiveCfg = Release|x86
		{047800E0-A03B-4669-A92D-059619F3BE30}.Release|ARM.ActiveCfg = Release|ARM
		{047800E0-A03B-4669-A92D-059619F3BE30}.Release|ARM.Build.0 = Release|ARM
		{047800E0-A03B-4669-A92D-059619F3BE30}.Release|ARM.Deploy.0 = Release|ARM
		{047800E0-A03B-4669-A92D-059619F3BE30}.Release|iPhone.ActiveCfg = Release|x86
		{047800E0-A03B-4669-A92D-059619F3BE30}.Release|iPhoneSimulator.ActiveCfg = Release|x86
		{047800E0-A03B-4669-A92D-059619F3BE30}.Release|x64.ActiveCfg = Release|x64
		{047800E0-A03B-4669-A92D-059619F3BE30}.Release|x64.Build.0 = Release|x64
		{047800E0-A03B-4669-A92D-059619F3BE30}.Release|x64.Deploy.0 = Release|x64
		{047800E0-A03B-4669-A92D-059619F3BE30}.Release|x86.ActiveCfg = Release|x86
		{047800E0-A03B-4669-A92D-059619F3BE30}.Release|x86.Build.0 = Release|x86
		{047800E0-A03B-4669-A92D-059619F3BE30}.Release|x86.Deploy.0 = Release|x86
		{BBD04332-2678-40DA-9117-EE04A6429819}.Ad-Hoc|Any CPU.ActiveCfg = Ad-Hoc|iPhone
		{BBD04332-2678-40DA-9117-EE04A6429819}.Ad-Hoc|ARM.ActiveCfg = Ad-Hoc|iPhone
		{BBD04332-2678-40DA-9117-EE04A6429819}.Ad-Hoc|iPhone.ActiveCfg = Ad-Hoc|iPhone
		{BBD04332-2678-40DA-9117-EE04A6429819}.Ad-Hoc|iPhone.Build.0 = Ad-Hoc|iPhone
		{BBD04332-2678-40DA-9117-EE04A6429819}.Ad-Hoc|iPhoneSimulator.ActiveCfg = Ad-Hoc|iPhoneSimulator
		{BBD04332-2678-40DA-9117-EE04A6429819}.Ad-Hoc|iPhoneSimulator.Build.0 = Ad-Hoc|iPhoneSimulator
		{BBD04332-2678-40DA-9117-EE04A6429819}.Ad-Hoc|x64.ActiveCfg = Ad-Hoc|iPhone
		{BBD04332-2678-40DA-9117-EE04A6429819}.Ad-Hoc|x86.ActiveCfg = Ad-Hoc|iPhone
		{BBD04332-2678-40DA-9117-EE04A6429819}.AppStore|Any CPU.ActiveCfg = AppStore|iPhone
		{BBD04332-2678-40DA-9117-EE04A6429819}.AppStore|ARM.ActiveCfg = AppStore|iPhone
		{BBD04332-2678-40DA-9117-EE04A6429819}.AppStore|iPhone.ActiveCfg = AppStore|iPhone
		{BBD04332-2678-40DA-9117-EE04A6429819}.AppStore|iPhone.Build.0 = AppStore|iPhone
		{BBD04332-2678-40DA-9117-EE04A6429819}.AppStore|iPhoneSimulator.ActiveCfg = AppStore|iPhoneSimulator
		{BBD04332-2678-40DA-9117-EE04A6429819}.AppStore|iPhoneSimulator.Build.0 = AppStore|iPhoneSimulator
		{BBD04332-2678-40DA-9117-EE04A6429819}.AppStore|x64.ActiveCfg = AppStore|iPhone
		{BBD04332-2678-40DA-9117-EE04A6429819}.AppStore|x86.ActiveCfg = AppStore|iPhone
		{BBD04332-2678-40DA-9117-EE04A6429819}.Debug|Any CPU.ActiveCfg = Debug|iPhone
		{BBD04332-2678-40DA-9117-EE04A6429819}.Debug|ARM.ActiveCfg = Debug|iPhone
		{BBD04332-2678-40DA-9117-EE04A6429819}.Debug|iPhone.ActiveCfg = Debug|iPhone
		{BBD04332-2678-40DA-9117-EE04A6429819}.Debug|iPhone.Build.0 = Debug|iPhone
		{BBD04332-2678-40DA-9117-EE04A6429819}.Debug|iPhoneSimulator.ActiveCfg = Debug|iPhoneSimulator
		{BBD04332-2678-40DA-9117-EE04A6429819}.Debug|iPhoneSimulator.Build.0 = Debug|iPhoneSimulator
		{BBD04332-2678-40DA-9117-EE04A6429819}.Debug|x64.ActiveCfg = Debug|iPhone
		{BBD04332-2678-40DA-9117-EE04A6429819}.Debug|x86.ActiveCfg = Debug|iPhone
		{BBD04332-2678-40DA-9117-EE04A6429819}.Release|Any CPU.ActiveCfg = Release|iPhone
		{BBD04332-2678-40DA-9117-EE04A6429819}.Release|ARM.ActiveCfg = Release|iPhone
		{BBD04332-2678-40DA-9117-EE04A6429819}.Release|iPhone.ActiveCfg = Release|iPhone
		{BBD04332-2678-40DA-9117-EE04A6429819}.Release|iPhone.Build.0 = Release|iPhone
		{BBD04332-2678-40DA-9117-EE04A6429819}.Release|iPhoneSimulator.ActiveCfg = Release|iPhoneSimulator
		{BBD04332-2678-40DA-9117-EE04A6429819}.Release|iPhoneSimulator.Build.0 = Release|iPhoneSimulator
		{BBD04332-2678-40DA-9117-EE04A6429819}.Release|x64.ActiveCfg = Release|iPhone
		{BBD04332-2678-40DA-9117-EE04A6429819}.Release|x86.ActiveCfg = Release|iPhone
		{179BD5CC-0E32-4203-8418-774765AD6F3B}.Ad-Hoc|Any CPU.ActiveCfg = Release|Any CPU
		{179BD5CC-0E32-4203-8418-774765AD6F3B}.Ad-Hoc|Any CPU.Build.0 = Release|Any CPU
		{179BD5CC-0E32-4203-8418-774765AD6F3B}.Ad-Hoc|ARM.ActiveCfg = Release|Any CPU
		{179BD5CC-0E32-4203-8418-774765AD6F3B}.Ad-Hoc|ARM.Build.0 = Release|Any CPU
		{179BD5CC-0E32-4203-8418-774765AD6F3B}.Ad-Hoc|iPhone.ActiveCfg = Release|Any CPU
		{179BD5CC-0E32-4203-8418-774765AD6F3B}.Ad-Hoc|iPhone.Build.0 = Release|Any CPU
		{179BD5CC-0E32-4203-8418-774765AD6F3B}.Ad-Hoc|iPhoneSimulator.ActiveCfg = Release|Any CPU
		{179BD5CC-0E32-4203-8418-774765AD6F3B}.Ad-Hoc|iPhoneSimulator.Build.0 = Release|Any CPU
		{179BD5CC-0E32-4203-8418-774765AD6F3B}.Ad-Hoc|x64.ActiveCfg = Release|Any CPU
		{179BD5CC-0E32-4203-8418-774765AD6F3B}.Ad-Hoc|x64.Build.0 = Release|Any CPU
		{179BD5CC-0E32-4203-8418-774765AD6F3B}.Ad-Hoc|x86.ActiveCfg = Release|Any CPU
		{179BD5CC-0E32-4203-8418-774765AD6F3B}.Ad-Hoc|x86.Build.0 = Release|Any CPU
		{179BD5CC-0E32-4203-8418-774765AD6F3B}.AppStore|Any CPU.ActiveCfg = Release|Any CPU
		{179BD5CC-0E32-4203-8418-774765AD6F3B}.AppStore|Any CPU.Build.0 = Release|Any CPU
		{179BD5CC-0E32-4203-8418-774765AD6F3B}.AppStore|ARM.ActiveCfg = Release|Any CPU
		{179BD5CC-0E32-4203-8418-774765AD6F3B}.AppStore|ARM.Build.0 = Release|Any CPU
		{179BD5CC-0E32-4203-8418-774765AD6F3B}.AppStore|iPhone.ActiveCfg = Release|Any CPU
		{179BD5CC-0E32-4203-8418-774765AD6F3B}.AppStore|iPhone.Build.0 = Release|Any CPU
		{179BD5CC-0E32-4203-8418-774765AD6F3B}.AppStore|iPhoneSimulator.ActiveCfg = Release|Any CPU
		{179BD5CC-0E32-4203-8418-774765AD6F3B}.AppStore|iPhoneSimulator.Build.0 = Release|Any CPU
		{179BD5CC-0E32-4203-8418-774765AD6F3B}.AppStore|x64.ActiveCfg = Release|Any CPU
		{179BD5CC-0E32-4203-8418-774765AD6F3B}.AppStore|x64.Build.0 = Release|Any CPU
		{179BD5CC-0E32-4203-8418-774765AD6F3B}.AppStore|x86.ActiveCfg = Release|Any CPU
		{179BD5CC-0E32-4203-8418-774765AD6F3B}.AppStore|x86.Build.0 = Release|Any CPU
		{179BD5CC-0E32-4203-8418-774765AD6F3B}.Debug|Any CPU.ActiveCfg = Debug|Any CPU
		{179BD5CC-0E32-4203-8418-774765AD6F3B}.Debug|Any CPU.Build.0 = Debug|Any CPU
		{179BD5CC-0E32-4203-8418-774765AD6F3B}.Debug|ARM.ActiveCfg = Debug|Any CPU
		{179BD5CC-0E32-4203-8418-774765AD6F3B}.Debug|ARM.Build.0 = Debug|Any CPU
		{179BD5CC-0E32-4203-8418-774765AD6F3B}.Debug|iPhone.ActiveCfg = Debug|Any CPU
		{179BD5CC-0E32-4203-8418-774765AD6F3B}.Debug|iPhone.Build.0 = Debug|Any CPU
		{179BD5CC-0E32-4203-8418-774765AD6F3B}.Debug|iPhoneSimulator.ActiveCfg = Debug|Any CPU
		{179BD5CC-0E32-4203-8418-774765AD6F3B}.Debug|iPhoneSimulator.Build.0 = Debug|Any CPU
		{179BD5CC-0E32-4203-8418-774765AD6F3B}.Debug|x64.ActiveCfg = Debug|Any CPU
		{179BD5CC-0E32-4203-8418-774765AD6F3B}.Debug|x64.Build.0 = Debug|Any CPU
		{179BD5CC-0E32-4203-8418-774765AD6F3B}.Debug|x86.ActiveCfg = Debug|Any CPU
		{179BD5CC-0E32-4203-8418-774765AD6F3B}.Debug|x86.Build.0 = Debug|Any CPU
		{179BD5CC-0E32-4203-8418-774765AD6F3B}.Release|Any CPU.ActiveCfg = Release|Any CPU
		{179BD5CC-0E32-4203-8418-774765AD6F3B}.Release|Any CPU.Build.0 = Release|Any CPU
		{179BD5CC-0E32-4203-8418-774765AD6F3B}.Release|ARM.ActiveCfg = Release|Any CPU
		{179BD5CC-0E32-4203-8418-774765AD6F3B}.Release|ARM.Build.0 = Release|Any CPU
		{179BD5CC-0E32-4203-8418-774765AD6F3B}.Release|iPhone.ActiveCfg = Release|Any CPU
		{179BD5CC-0E32-4203-8418-774765AD6F3B}.Release|iPhone.Build.0 = Release|Any CPU
		{179BD5CC-0E32-4203-8418-774765AD6F3B}.Release|iPhoneSimulator.ActiveCfg = Release|Any CPU
		{179BD5CC-0E32-4203-8418-774765AD6F3B}.Release|iPhoneSimulator.Build.0 = Release|Any CPU
		{179BD5CC-0E32-4203-8418-774765AD6F3B}.Release|x64.ActiveCfg = Release|Any CPU
		{179BD5CC-0E32-4203-8418-774765AD6F3B}.Release|x64.Build.0 = Release|Any CPU
		{179BD5CC-0E32-4203-8418-774765AD6F3B}.Release|x86.ActiveCfg = Release|Any CPU
		{179BD5CC-0E32-4203-8418-774765AD6F3B}.Release|x86.Build.0 = Release|Any CPU
		{969F9670-BA58-45B4-A7ED-FA70F1606D1B}.Ad-Hoc|Any CPU.ActiveCfg = Debug|Any CPU
		{969F9670-BA58-45B4-A7ED-FA70F1606D1B}.Ad-Hoc|Any CPU.Build.0 = Debug|Any CPU
		{969F9670-BA58-45B4-A7ED-FA70F1606D1B}.Ad-Hoc|ARM.ActiveCfg = Debug|Any CPU
		{969F9670-BA58-45B4-A7ED-FA70F1606D1B}.Ad-Hoc|ARM.Build.0 = Debug|Any CPU
		{969F9670-BA58-45B4-A7ED-FA70F1606D1B}.Ad-Hoc|iPhone.ActiveCfg = Debug|Any CPU
		{969F9670-BA58-45B4-A7ED-FA70F1606D1B}.Ad-Hoc|iPhone.Build.0 = Debug|Any CPU
		{969F9670-BA58-45B4-A7ED-FA70F1606D1B}.Ad-Hoc|iPhoneSimulator.ActiveCfg = Debug|Any CPU
		{969F9670-BA58-45B4-A7ED-FA70F1606D1B}.Ad-Hoc|iPhoneSimulator.Build.0 = Debug|Any CPU
		{969F9670-BA58-45B4-A7ED-FA70F1606D1B}.Ad-Hoc|x64.ActiveCfg = Debug|Any CPU
		{969F9670-BA58-45B4-A7ED-FA70F1606D1B}.Ad-Hoc|x64.Build.0 = Debug|Any CPU
		{969F9670-BA58-45B4-A7ED-FA70F1606D1B}.Ad-Hoc|x86.ActiveCfg = Debug|Any CPU
		{969F9670-BA58-45B4-A7ED-FA70F1606D1B}.Ad-Hoc|x86.Build.0 = Debug|Any CPU
		{969F9670-BA58-45B4-A7ED-FA70F1606D1B}.AppStore|Any CPU.ActiveCfg = Debug|Any CPU
		{969F9670-BA58-45B4-A7ED-FA70F1606D1B}.AppStore|Any CPU.Build.0 = Debug|Any CPU
		{969F9670-BA58-45B4-A7ED-FA70F1606D1B}.AppStore|ARM.ActiveCfg = Debug|Any CPU
		{969F9670-BA58-45B4-A7ED-FA70F1606D1B}.AppStore|ARM.Build.0 = Debug|Any CPU
		{969F9670-BA58-45B4-A7ED-FA70F1606D1B}.AppStore|iPhone.ActiveCfg = Debug|Any CPU
		{969F9670-BA58-45B4-A7ED-FA70F1606D1B}.AppStore|iPhone.Build.0 = Debug|Any CPU
		{969F9670-BA58-45B4-A7ED-FA70F1606D1B}.AppStore|iPhoneSimulator.ActiveCfg = Debug|Any CPU
		{969F9670-BA58-45B4-A7ED-FA70F1606D1B}.AppStore|iPhoneSimulator.Build.0 = Debug|Any CPU
		{969F9670-BA58-45B4-A7ED-FA70F1606D1B}.AppStore|x64.ActiveCfg = Debug|Any CPU
		{969F9670-BA58-45B4-A7ED-FA70F1606D1B}.AppStore|x64.Build.0 = Debug|Any CPU
		{969F9670-BA58-45B4-A7ED-FA70F1606D1B}.AppStore|x86.ActiveCfg = Debug|Any CPU
		{969F9670-BA58-45B4-A7ED-FA70F1606D1B}.AppStore|x86.Build.0 = Debug|Any CPU
		{969F9670-BA58-45B4-A7ED-FA70F1606D1B}.Debug|Any CPU.ActiveCfg = Debug|Any CPU
		{969F9670-BA58-45B4-A7ED-FA70F1606D1B}.Debug|Any CPU.Build.0 = Debug|Any CPU
		{969F9670-BA58-45B4-A7ED-FA70F1606D1B}.Debug|ARM.ActiveCfg = Debug|Any CPU
		{969F9670-BA58-45B4-A7ED-FA70F1606D1B}.Debug|ARM.Build.0 = Debug|Any CPU
		{969F9670-BA58-45B4-A7ED-FA70F1606D1B}.Debug|iPhone.ActiveCfg = Debug|Any CPU
		{969F9670-BA58-45B4-A7ED-FA70F1606D1B}.Debug|iPhone.Build.0 = Debug|Any CPU
		{969F9670-BA58-45B4-A7ED-FA70F1606D1B}.Debug|iPhoneSimulator.ActiveCfg = Debug|Any CPU
		{969F9670-BA58-45B4-A7ED-FA70F1606D1B}.Debug|iPhoneSimulator.Build.0 = Debug|Any CPU
		{969F9670-BA58-45B4-A7ED-FA70F1606D1B}.Debug|x64.ActiveCfg = Debug|Any CPU
		{969F9670-BA58-45B4-A7ED-FA70F1606D1B}.Debug|x64.Build.0 = Debug|Any CPU
		{969F9670-BA58-45B4-A7ED-FA70F1606D1B}.Debug|x86.ActiveCfg = Debug|Any CPU
		{969F9670-BA58-45B4-A7ED-FA70F1606D1B}.Debug|x86.Build.0 = Debug|Any CPU
		{969F9670-BA58-45B4-A7ED-FA70F1606D1B}.Release|Any CPU.ActiveCfg = Release|Any CPU
		{969F9670-BA58-45B4-A7ED-FA70F1606D1B}.Release|Any CPU.Build.0 = Release|Any CPU
		{969F9670-BA58-45B4-A7ED-FA70F1606D1B}.Release|ARM.ActiveCfg = Release|Any CPU
		{969F9670-BA58-45B4-A7ED-FA70F1606D1B}.Release|ARM.Build.0 = Release|Any CPU
		{969F9670-BA58-45B4-A7ED-FA70F1606D1B}.Release|iPhone.ActiveCfg = Release|Any CPU
		{969F9670-BA58-45B4-A7ED-FA70F1606D1B}.Release|iPhone.Build.0 = Release|Any CPU
		{969F9670-BA58-45B4-A7ED-FA70F1606D1B}.Release|iPhoneSimulator.ActiveCfg = Release|Any CPU
		{969F9670-BA58-45B4-A7ED-FA70F1606D1B}.Release|iPhoneSimulator.Build.0 = Release|Any CPU
		{969F9670-BA58-45B4-A7ED-FA70F1606D1B}.Release|x64.ActiveCfg = Release|Any CPU
		{969F9670-BA58-45B4-A7ED-FA70F1606D1B}.Release|x64.Build.0 = Release|Any CPU
		{969F9670-BA58-45B4-A7ED-FA70F1606D1B}.Release|x86.ActiveCfg = Release|Any CPU
		{969F9670-BA58-45B4-A7ED-FA70F1606D1B}.Release|x86.Build.0 = Release|Any CPU
		{0B49080D-1CE6-49D0-80A6-AC2392F5B331}.Ad-Hoc|Any CPU.ActiveCfg = Debug|Any CPU
		{0B49080D-1CE6-49D0-80A6-AC2392F5B331}.Ad-Hoc|Any CPU.Build.0 = Debug|Any CPU
		{0B49080D-1CE6-49D0-80A6-AC2392F5B331}.Ad-Hoc|ARM.ActiveCfg = Debug|Any CPU
		{0B49080D-1CE6-49D0-80A6-AC2392F5B331}.Ad-Hoc|ARM.Build.0 = Debug|Any CPU
		{0B49080D-1CE6-49D0-80A6-AC2392F5B331}.Ad-Hoc|iPhone.ActiveCfg = Debug|Any CPU
		{0B49080D-1CE6-49D0-80A6-AC2392F5B331}.Ad-Hoc|iPhone.Build.0 = Debug|Any CPU
		{0B49080D-1CE6-49D0-80A6-AC2392F5B331}.Ad-Hoc|iPhoneSimulator.ActiveCfg = Debug|Any CPU
		{0B49080D-1CE6-49D0-80A6-AC2392F5B331}.Ad-Hoc|iPhoneSimulator.Build.0 = Debug|Any CPU
		{0B49080D-1CE6-49D0-80A6-AC2392F5B331}.Ad-Hoc|x64.ActiveCfg = Debug|Any CPU
		{0B49080D-1CE6-49D0-80A6-AC2392F5B331}.Ad-Hoc|x64.Build.0 = Debug|Any CPU
		{0B49080D-1CE6-49D0-80A6-AC2392F5B331}.Ad-Hoc|x86.ActiveCfg = Debug|Any CPU
		{0B49080D-1CE6-49D0-80A6-AC2392F5B331}.Ad-Hoc|x86.Build.0 = Debug|Any CPU
		{0B49080D-1CE6-49D0-80A6-AC2392F5B331}.AppStore|Any CPU.ActiveCfg = Debug|Any CPU
		{0B49080D-1CE6-49D0-80A6-AC2392F5B331}.AppStore|Any CPU.Build.0 = Debug|Any CPU
		{0B49080D-1CE6-49D0-80A6-AC2392F5B331}.AppStore|ARM.ActiveCfg = Debug|Any CPU
		{0B49080D-1CE6-49D0-80A6-AC2392F5B331}.AppStore|ARM.Build.0 = Debug|Any CPU
		{0B49080D-1CE6-49D0-80A6-AC2392F5B331}.AppStore|iPhone.ActiveCfg = Debug|Any CPU
		{0B49080D-1CE6-49D0-80A6-AC2392F5B331}.AppStore|iPhone.Build.0 = Debug|Any CPU
		{0B49080D-1CE6-49D0-80A6-AC2392F5B331}.AppStore|iPhoneSimulator.ActiveCfg = Debug|Any CPU
		{0B49080D-1CE6-49D0-80A6-AC2392F5B331}.AppStore|iPhoneSimulator.Build.0 = Debug|Any CPU
		{0B49080D-1CE6-49D0-80A6-AC2392F5B331}.AppStore|x64.ActiveCfg = Debug|Any CPU
		{0B49080D-1CE6-49D0-80A6-AC2392F5B331}.AppStore|x64.Build.0 = Debug|Any CPU
		{0B49080D-1CE6-49D0-80A6-AC2392F5B331}.AppStore|x86.ActiveCfg = Debug|Any CPU
		{0B49080D-1CE6-49D0-80A6-AC2392F5B331}.AppStore|x86.Build.0 = Debug|Any CPU
		{0B49080D-1CE6-49D0-80A6-AC2392F5B331}.Debug|Any CPU.ActiveCfg = Debug|Any CPU
		{0B49080D-1CE6-49D0-80A6-AC2392F5B331}.Debug|Any CPU.Build.0 = Debug|Any CPU
		{0B49080D-1CE6-49D0-80A6-AC2392F5B331}.Debug|ARM.ActiveCfg = Debug|Any CPU
		{0B49080D-1CE6-49D0-80A6-AC2392F5B331}.Debug|ARM.Build.0 = Debug|Any CPU
		{0B49080D-1CE6-49D0-80A6-AC2392F5B331}.Debug|iPhone.ActiveCfg = Debug|Any CPU
		{0B49080D-1CE6-49D0-80A6-AC2392F5B331}.Debug|iPhone.Build.0 = Debug|Any CPU
		{0B49080D-1CE6-49D0-80A6-AC2392F5B331}.Debug|iPhoneSimulator.ActiveCfg = Debug|Any CPU
		{0B49080D-1CE6-49D0-80A6-AC2392F5B331}.Debug|iPhoneSimulator.Build.0 = Debug|Any CPU
		{0B49080D-1CE6-49D0-80A6-AC2392F5B331}.Debug|x64.ActiveCfg = Debug|Any CPU
		{0B49080D-1CE6-49D0-80A6-AC2392F5B331}.Debug|x64.Build.0 = Debug|Any CPU
		{0B49080D-1CE6-49D0-80A6-AC2392F5B331}.Debug|x86.ActiveCfg = Debug|Any CPU
		{0B49080D-1CE6-49D0-80A6-AC2392F5B331}.Debug|x86.Build.0 = Debug|Any CPU
		{0B49080D-1CE6-49D0-80A6-AC2392F5B331}.Release|Any CPU.ActiveCfg = Release|Any CPU
		{0B49080D-1CE6-49D0-80A6-AC2392F5B331}.Release|Any CPU.Build.0 = Release|Any CPU
		{0B49080D-1CE6-49D0-80A6-AC2392F5B331}.Release|ARM.ActiveCfg = Release|Any CPU
		{0B49080D-1CE6-49D0-80A6-AC2392F5B331}.Release|ARM.Build.0 = Release|Any CPU
		{0B49080D-1CE6-49D0-80A6-AC2392F5B331}.Release|iPhone.ActiveCfg = Release|Any CPU
		{0B49080D-1CE6-49D0-80A6-AC2392F5B331}.Release|iPhone.Build.0 = Release|Any CPU
		{0B49080D-1CE6-49D0-80A6-AC2392F5B331}.Release|iPhoneSimulator.ActiveCfg = Release|Any CPU
		{0B49080D-1CE6-49D0-80A6-AC2392F5B331}.Release|iPhoneSimulator.Build.0 = Release|Any CPU
		{0B49080D-1CE6-49D0-80A6-AC2392F5B331}.Release|x64.ActiveCfg = Release|Any CPU
		{0B49080D-1CE6-49D0-80A6-AC2392F5B331}.Release|x64.Build.0 = Release|Any CPU
		{0B49080D-1CE6-49D0-80A6-AC2392F5B331}.Release|x86.ActiveCfg = Release|Any CPU
		{0B49080D-1CE6-49D0-80A6-AC2392F5B331}.Release|x86.Build.0 = Release|Any CPU
	EndGlobalSection
	GlobalSection(SolutionProperties) = preSolution
		HideSolutionNode = FALSE
	EndGlobalSection
	GlobalSection(ExtensibilityGlobals) = postSolution
		SolutionGuid = {AEF268F1-6DD9-42DE-BD36-D817AFF07EF3}
	EndGlobalSection
EndGlobal
