
Microsoft Visual Studio Solution File, Format Version 12.00
# Visual Studio 15
VisualStudioVersion = 15.0.26730.16
MinimumVisualStudioVersion = 10.0.40219.1
Project("{FAE04EC0-301F-11D3-BF4B-00C04F79EFBC}") = "SharingLibrary", "SharingLibrary\SharingLibrary.csproj", "{3C9D01A9-DFA2-4D35-9B26-5778A365920C}"
EndProject
Global
	GlobalSection(SolutionConfigurationPlatforms) = preSolution
		Debug|Any CPU = Debug|Any CPU
		Release|Any CPU = Release|Any CPU
	EndGlobalSection
	GlobalSection(ProjectConfigurationPlatforms) = postSolution
		{3C9D01A9-DFA2-4D35-9B26-5778A365920C}.Debug|Any CPU.ActiveCfg = Debug|Any CPU
		{3C9D01A9-DFA2-4D35-9B26-5778A365920C}.Debug|Any CPU.Build.0 = Debug|Any CPU
		{3C9D01A9-DFA2-4D35-9B26-5778A365920C}.Release|Any CPU.ActiveCfg = Release|Any CPU
		{3C9D01A9-DFA2-4D35-9B26-5778A365920C}.Release|Any CPU.Build.0 = Release|Any CPU
	EndGlobalSection
	GlobalSection(SolutionProperties) = preSolution
		HideSolutionNode = FALSE
	EndGlobalSection
	GlobalSection(ExtensibilityGlobals) = postSolution
		SolutionGuid = {AEF268F1-6DD9-42DE-BD36-D817AFF07EF3}
	EndGlobalSection
EndGlobal
